
Microsoft Visual Studio Solution File, Format Version 12.00
# Visual Studio 15
VisualStudioVersion = 15.0.28307.421
MinimumVisualStudioVersion = 10.0.40219.1
Project("{FAE04EC0-301F-11D3-BF4B-00C04F79EFBC}") = "MyFirstConsoleApp", "MyFirstConsoleApp\MyFirstConsoleApp.csproj", "{EB5B2E3F-C764-4278-A3E6-2FD9AF98E9F0}"
EndProject
Global
	GlobalSection(SolutionConfigurationPlatforms) = preSolution
		Debug|Any CPU = Debug|Any CPU
		Release|Any CPU = Release|Any CPU
	EndGlobalSection
	GlobalSection(ProjectConfigurationPlatforms) = postSolution
		{EB5B2E3F-C764-4278-A3E6-2FD9AF98E9F0}.Debug|Any CPU.ActiveCfg = Debug|Any CPU
		{EB5B2E3F-C764-4278-A3E6-2FD9AF98E9F0}.Debug|Any CPU.Build.0 = Debug|Any CPU
		{EB5B2E3F-C764-4278-A3E6-2FD9AF98E9F0}.Release|Any CPU.ActiveCfg = Release|Any CPU
		{EB5B2E3F-C764-4278-A3E6-2FD9AF98E9F0}.Release|Any CPU.Build.0 = Release|Any CPU
	EndGlobalSection
	GlobalSection(SolutionProperties) = preSolution
		HideSolutionNode = FALSE
	EndGlobalSection
	GlobalSection(ExtensibilityGlobals) = postSolution
		SolutionGuid = {B14CE476-3A1C-45F4-AF4E-CC5C7910E519}
	EndGlobalSection
EndGlobal
